// !$*UTF8*$!
{
	archiveVersion = 1;
	classes = {
	};
	objectVersion = 50;
	objects = {

/* Begin PBXBuildFile section */
		5F0680DB220AD0750023F70B /* ShowView.swift in Sources */ = {isa = PBXBuildFile; fileRef = 5F0680D9220AD0750023F70B /* ShowView.swift */; };
		5FB7EB3521E5F166005035B4 /* ThirstySoftRegular.otf in Resources */ = {isa = PBXBuildFile; fileRef = 5FB7EB3421E5F166005035B4 /* ThirstySoftRegular.otf */; };
		5FC294B421E50D6100D839F7 /* AppDelegate.swift in Sources */ = {isa = PBXBuildFile; fileRef = 5FC294B321E50D6100D839F7 /* AppDelegate.swift */; };
		5FC294B621E50D6100D839F7 /* ViewController.swift in Sources */ = {isa = PBXBuildFile; fileRef = 5FC294B521E50D6100D839F7 /* ViewController.swift */; };
		5FC294B921E50D6100D839F7 /* Main.storyboard in Resources */ = {isa = PBXBuildFile; fileRef = 5FC294B721E50D6100D839F7 /* Main.storyboard */; };
		5FC294BB21E50D6100D839F7 /* Assets.xcassets in Resources */ = {isa = PBXBuildFile; fileRef = 5FC294BA21E50D6100D839F7 /* Assets.xcassets */; };
		5FC294BE21E50D6100D839F7 /* LaunchScreen.storyboard in Resources */ = {isa = PBXBuildFile; fileRef = 5FC294BC21E50D6100D839F7 /* LaunchScreen.storyboard */; };
/* End PBXBuildFile section */

/* Begin PBXFileReference section */
		5F0680DA220AD0750023F70B /* Base */ = {isa = PBXFileReference; lastKnownFileType = sourcecode.swift; name = Base; path = Instagrid/View/Base.lproj/ShowView.swift; sourceTree = "<group>"; };
		5FB7EB3421E5F166005035B4 /* ThirstySoftRegular.otf */ = {isa = PBXFileReference; lastKnownFileType = file; path = ThirstySoftRegular.otf; sourceTree = "<group>"; };
		5FC294B021E50D6100D839F7 /* Instagrid.app */ = {isa = PBXFileReference; explicitFileType = wrapper.application; includeInIndex = 0; path = Instagrid.app; sourceTree = BUILT_PRODUCTS_DIR; };
		5FC294B321E50D6100D839F7 /* AppDelegate.swift */ = {isa = PBXFileReference; lastKnownFileType = sourcecode.swift; path = AppDelegate.swift; sourceTree = "<group>"; };
		5FC294B521E50D6100D839F7 /* ViewController.swift */ = {isa = PBXFileReference; lastKnownFileType = sourcecode.swift; path = ViewController.swift; sourceTree = "<group>"; };
		5FC294B821E50D6100D839F7 /* Base */ = {isa = PBXFileReference; lastKnownFileType = file.storyboard; name = Base; path = Base.lproj/Main.storyboard; sourceTree = "<group>"; };
		5FC294BA21E50D6100D839F7 /* Assets.xcassets */ = {isa = PBXFileReference; lastKnownFileType = folder.assetcatalog; path = Assets.xcassets; sourceTree = "<group>"; };
		5FC294BD21E50D6100D839F7 /* Base */ = {isa = PBXFileReference; lastKnownFileType = file.storyboard; name = Base; path = Base.lproj/LaunchScreen.storyboard; sourceTree = "<group>"; };
		5FC294BF21E50D6100D839F7 /* Info.plist */ = {isa = PBXFileReference; lastKnownFileType = text.plist.xml; path = Info.plist; sourceTree = "<group>"; };
/* End PBXFileReference section */

/* Begin PBXFrameworksBuildPhase section */
		5FC294AD21E50D6100D839F7 /* Frameworks */ = {
			isa = PBXFrameworksBuildPhase;
			buildActionMask = 2147483647;
			files = (
			);
			runOnlyForDeploymentPostprocessing = 0;
		};
/* End PBXFrameworksBuildPhase section */

/* Begin PBXGroup section */
		5FC294A721E50D6100D839F7 = {
			isa = PBXGroup;
			children = (
				5FC294B221E50D6100D839F7 /* Instagrid */,
				5FC294B121E50D6100D839F7 /* Products */,
			);
			sourceTree = "<group>";
		};
		5FC294B121E50D6100D839F7 /* Products */ = {
			isa = PBXGroup;
			children = (
				5FC294B021E50D6100D839F7 /* Instagrid.app */,
			);
			name = Products;
			sourceTree = "<group>";
		};
		5FC294B221E50D6100D839F7 /* Instagrid */ = {
			isa = PBXGroup;
			children = (
				5FC294C821E50D7A00D839F7 /* Supporting Files */,
				5FC294C721E50D7400D839F7 /* Model */,
				5FC294C621E50D6F00D839F7 /* Controler */,
				5FC294C521E50D6A00D839F7 /* View */,
				5FC294BF21E50D6100D839F7 /* Info.plist */,
			);
			path = Instagrid;
			sourceTree = "<group>";
		};
		5FC294C521E50D6A00D839F7 /* View */ = {
			isa = PBXGroup;
			children = (
				5FC294BC21E50D6100D839F7 /* LaunchScreen.storyboard */,
				5FC294B721E50D6100D839F7 /* Main.storyboard */,
				5F0680D9220AD0750023F70B /* ShowView.swift */,
			);
			path = View;
			sourceTree = "<group>";
		};
		5FC294C621E50D6F00D839F7 /* Controler */ = {
			isa = PBXGroup;
			children = (
				5FC294B521E50D6100D839F7 /* ViewController.swift */,
			);
			path = Controler;
			sourceTree = "<group>";
		};
		5FC294C721E50D7400D839F7 /* Model */ = {
			isa = PBXGroup;
			children = (
			);
			path = Model;
			sourceTree = "<group>";
		};
		5FC294C821E50D7A00D839F7 /* Supporting Files */ = {
			isa = PBXGroup;
			children = (
				5FC294B321E50D6100D839F7 /* AppDelegate.swift */,
				5FB7EB3421E5F166005035B4 /* ThirstySoftRegular.otf */,
				5FC294BA21E50D6100D839F7 /* Assets.xcassets */,
			);
			path = "Supporting Files";
			sourceTree = "<group>";
		};
/* End PBXGroup section */

/* Begin PBXNativeTarget section */
		5FC294AF21E50D6100D839F7 /* Instagrid */ = {
			isa = PBXNativeTarget;
			buildConfigurationList = 5FC294C221E50D6100D839F7 /* Build configuration list for PBXNativeTarget "Instagrid" */;
			buildPhases = (
				5FC294AC21E50D6100D839F7 /* Sources */,
				5FC294AD21E50D6100D839F7 /* Frameworks */,
				5FC294AE21E50D6100D839F7 /* Resources */,
			);
			buildRules = (
			);
			dependencies = (
			);
			name = Instagrid;
			productName = Instagrid;
			productReference = 5FC294B021E50D6100D839F7 /* Instagrid.app */;
			productType = "com.apple.product-type.application";
		};
/* End PBXNativeTarget section */

/* Begin PBXProject section */
		5FC294A821E50D6100D839F7 /* Project object */ = {
			isa = PBXProject;
			attributes = {
				LastSwiftUpdateCheck = 1010;
				LastUpgradeCheck = 1010;
				ORGANIZATIONNAME = "Fabien Dietrich";
				TargetAttributes = {
					5FC294AF21E50D6100D839F7 = {
						CreatedOnToolsVersion = 10.1;
					};
				};
			};
			buildConfigurationList = 5FC294AB21E50D6100D839F7 /* Build configuration list for PBXProject "Instagrid" */;
			compatibilityVersion = "Xcode 9.3";
			developmentRegion = en;
			hasScannedForEncodings = 0;
			knownRegions = (
				en,
				Base,
			);
			mainGroup = 5FC294A721E50D6100D839F7;
			productRefGroup = 5FC294B121E50D6100D839F7 /* Products */;
			projectDirPath = "";
			projectRoot = "";
			targets = (
				5FC294AF21E50D6100D839F7 /* Instagrid */,
			);
		};
/* End PBXProject section */

/* Begin PBXResourcesBuildPhase section */
		5FC294AE21E50D6100D839F7 /* Resources */ = {
			isa = PBXResourcesBuildPhase;
			buildActionMask = 2147483647;
			files = (
				5FC294BE21E50D6100D839F7 /* LaunchScreen.storyboard in Resources */,
				5FC294BB21E50D6100D839F7 /* Assets.xcassets in Resources */,
				5FB7EB3521E5F166005035B4 /* ThirstySoftRegular.otf in Resources */,
				5FC294B921E50D6100D839F7 /* Main.storyboard in Resources */,
			);
			runOnlyForDeploymentPostprocessing = 0;
		};
/* End PBXResourcesBuildPhase section */

/* Begin PBXSourcesBuildPhase section */
		5FC294AC21E50D6100D839F7 /* Sources */ = {
			isa = PBXSourcesBuildPhase;
			buildActionMask = 2147483647;
			files = (
				5FC294B621E50D6100D839F7 /* ViewController.swift in Sources */,
				5FC294B421E50D6100D839F7 /* AppDelegate.swift in Sources */,
				5F0680DB220AD0750023F70B /* ShowView.swift in Sources */,
			);
			runOnlyForDeploymentPostprocessing = 0;
		};
/* End PBXSourcesBuildPhase section */

/* Begin PBXVariantGroup section */
		5F0680D9220AD0750023F70B /* ShowView.swift */ = {
			isa = PBXVariantGroup;
			children = (
				5F0680DA220AD0750023F70B /* Base */,
			);
			name = ShowView.swift;
			sourceTree = "<group>";
		};
		5FC294B721E50D6100D839F7 /* Main.storyboard */ = {
			isa = PBXVariantGroup;
			children = (
				5FC294B821E50D6100D839F7 /* Base */,
			);
			name = Main.storyboard;
			sourceTree = "<group>";
		};
		5FC294BC21E50D6100D839F7 /* LaunchScreen.storyboard */ = {
			isa = PBXVariantGroup;
			children = (
				5FC294BD21E50D6100D839F7 /* Base */,
			);
			name = LaunchScreen.storyboard;
			sourceTree = "<group>";
		};
/* End PBXVariantGroup section */

/* Begin XCBuildConfiguration section */
		5FC294C021E50D6100D839F7 /* Debug */ = {
			isa = XCBuildConfiguration;
			buildSettings = {
				ALWAYS_SEARCH_USER_PATHS = NO;
				CLANG_ANALYZER_NONNULL = YES;
				CLANG_ANALYZER_NUMBER_OBJECT_CONVERSION = YES_AGGRESSIVE;
				CLANG_CXX_LANGUAGE_STANDARD = "gnu++14";
				CLANG_CXX_LIBRARY = "libc++";
				CLANG_ENABLE_MODULES = YES;
				CLANG_ENABLE_OBJC_ARC = YES;
				CLANG_ENABLE_OBJC_WEAK = YES;
				CLANG_WARN_BLOCK_CAPTURE_AUTORELEASING = YES;
				CLANG_WARN_BOOL_CONVERSION = YES;
				CLANG_WARN_COMMA = YES;
				CLANG_WARN_CONSTANT_CONVERSION = YES;
				CLANG_WARN_DEPRECATED_OBJC_IMPLEMENTATIONS = YES;
				CLANG_WARN_DIRECT_OBJC_ISA_USAGE = YES_ERROR;
				CLANG_WARN_DOCUMENTATION_COMMENTS = YES;
				CLANG_WARN_EMPTY_BODY = YES;
				CLANG_WARN_ENUM_CONVERSION = YES;
				CLANG_WARN_INFINITE_RECURSION = YES;
				CLANG_WARN_INT_CONVERSION = YES;
				CLANG_WARN_NON_LITERAL_NULL_CONVERSION = YES;
				CLANG_WARN_OBJC_IMPLICIT_RETAIN_SELF = YES;
				CLANG_WARN_OBJC_LITERAL_CONVERSION = YES;
				CLANG_WARN_OBJC_ROOT_CLASS = YES_ERROR;
				CLANG_WARN_RANGE_LOOP_ANALYSIS = YES;
				CLANG_WARN_STRICT_PROTOTYPES = YES;
				CLANG_WARN_SUSPICIOUS_MOVE = YES;
				CLANG_WARN_UNGUARDED_AVAILABILITY = YES_AGGRESSIVE;
				CLANG_WARN_UNREACHABLE_CODE = YES;
				CLANG_WARN__DUPLICATE_METHOD_MATCH = YES;
				CODE_SIGN_IDENTITY = "iPhone Developer";
				COPY_PHASE_STRIP = NO;
				DEBUG_INFORMATION_FORMAT = dwarf;
				ENABLE_STRICT_OBJC_MSGSEND = YES;
				ENABLE_TESTABILITY = YES;
				GCC_C_LANGUAGE_STANDARD = gnu11;
				GCC_DYNAMIC_NO_PIC = NO;
				GCC_NO_COMMON_BLOCKS = YES;
				GCC_OPTIMIZATION_LEVEL = 0;
				GCC_PREPROCESSOR_DEFINITIONS = (
					"DEBUG=1",
					"$(inherited)",
				);
				GCC_WARN_64_TO_32_BIT_CONVERSION = YES;
				GCC_WARN_ABOUT_RETURN_TYPE = YES_ERROR;
				GCC_WARN_UNDECLARED_SELECTOR = YES;
				GCC_WARN_UNINITIALIZED_AUTOS = YES_AGGRESSIVE;
				GCC_WARN_UNUSED_FUNCTION = YES;
				GCC_WARN_UNUSED_VARIABLE = YES;
				IPHONEOS_DEPLOYMENT_TARGET = 12.1;
				MTL_ENABLE_DEBUG_INFO = INCLUDE_SOURCE;
				MTL_FAST_MATH = YES;
				ONLY_ACTIVE_ARCH = YES;
				SDKROOT = iphoneos;
				SWIFT_ACTIVE_COMPILATION_CONDITIONS = DEBUG;
				SWIFT_OPTIMIZATION_LEVEL = "-Onone";
			};
			name = Debug;
		};
		5FC294C121E50D6100D839F7 /* Release */ = {
			isa = XCBuildConfiguration;
			buildSettings = {
				ALWAYS_SEARCH_USER_PATHS = NO;
				CLANG_ANALYZER_NONNULL = YES;
				CLANG_ANALYZER_NUMBER_OBJECT_CONVERSION = YES_AGGRESSIVE;
				CLANG_CXX_LANGUAGE_STANDARD = "gnu++14";
				CLANG_CXX_LIBRARY = "libc++";
				CLANG_ENABLE_MODULES = YES;
				CLANG_ENABLE_OBJC_ARC = YES;
				CLANG_ENABLE_OBJC_WEAK = YES;
				CLANG_WARN_BLOCK_CAPTURE_AUTORELEASING = YES;
				CLANG_WARN_BOOL_CONVERSION = YES;
				CLANG_WARN_COMMA = YES;
				CLANG_WARN_CONSTANT_CONVERSION = YES;
				CLANG_WARN_DEPRECATED_OBJC_IMPLEMENTATIONS = YES;
				CLANG_WARN_DIRECT_OBJC_ISA_USAGE = YES_ERROR;
				CLANG_WARN_DOCUMENTATION_COMMENTS = YES;
				CLANG_WARN_EMPTY_BODY = YES;
				CLANG_WARN_ENUM_CONVERSION = YES;
				CLANG_WARN_INFINITE_RECURSION = YES;
				CLANG_WARN_INT_CONVERSION = YES;
				CLANG_WARN_NON_LITERAL_NULL_CONVERSION = YES;
				CLANG_WARN_OBJC_IMPLICIT_RETAIN_SELF = YES;
				CLANG_WARN_OBJC_LITERAL_CONVERSION = YES;
				CLANG_WARN_OBJC_ROOT_CLASS = YES_ERROR;
				CLANG_WARN_RANGE_LOOP_ANALYSIS = YES;
				CLANG_WARN_STRICT_PROTOTYPES = YES;
				CLANG_WARN_SUSPICIOUS_MOVE = YES;
				CLANG_WARN_UNGUARDED_AVAILABILITY = YES_AGGRESSIVE;
				CLANG_WARN_UNREACHABLE_CODE = YES;
				CLANG_WARN__DUPLICATE_METHOD_MATCH = YES;
				CODE_SIGN_IDENTITY = "iPhone Developer";
				COPY_PHASE_STRIP = NO;
				DEBUG_INFORMATION_FORMAT = "dwarf-with-dsym";
				ENABLE_NS_ASSERTIONS = NO;
				ENABLE_STRICT_OBJC_MSGSEND = YES;
				GCC_C_LANGUAGE_STANDARD = gnu11;
				GCC_NO_COMMON_BLOCKS = YES;
				GCC_WARN_64_TO_32_BIT_CONVERSION = YES;
				GCC_WARN_ABOUT_RETURN_TYPE = YES_ERROR;
				GCC_WARN_UNDECLARED_SELECTOR = YES;
				GCC_WARN_UNINITIALIZED_AUTOS = YES_AGGRESSIVE;
				GCC_WARN_UNUSED_FUNCTION = YES;
				GCC_WARN_UNUSED_VARIABLE = YES;
				IPHONEOS_DEPLOYMENT_TARGET = 12.1;
				MTL_ENABLE_DEBUG_INFO = NO;
				MTL_FAST_MATH = YES;
				SDKROOT = iphoneos;
				SWIFT_COMPILATION_MODE = wholemodule;
				SWIFT_OPTIMIZATION_LEVEL = "-O";
				VALIDATE_PRODUCT = YES;
			};
			name = Release;
		};
		5FC294C321E50D6100D839F7 /* Debug */ = {
			isa = XCBuildConfiguration;
			buildSettings = {
				ASSETCATALOG_COMPILER_APPICON_NAME = AppIcon;
				CODE_SIGN_STYLE = Automatic;
				DEVELOPMENT_TEAM = 578R27WKR9;
				INFOPLIST_FILE = Instagrid/Info.plist;
				LD_RUNPATH_SEARCH_PATHS = (
					"$(inherited)",
					"@executable_path/Frameworks",
				);
				PRODUCT_BUNDLE_IDENTIFIER = "Fabien-Dietrich.Instagrid";
				PRODUCT_NAME = "$(TARGET_NAME)";
				SWIFT_VERSION = 4.2;
				TARGETED_DEVICE_FAMILY = 1;
			};
			name = Debug;
		};
		5FC294C421E50D6100D839F7 /* Release */ = {
			isa = XCBuildConfiguration;
			buildSettings = {
				ASSETCATALOG_COMPILER_APPICON_NAME = AppIcon;
				CODE_SIGN_STYLE = Automatic;
				DEVELOPMENT_TEAM = 578R27WKR9;
				INFOPLIST_FILE = Instagrid/Info.plist;
				LD_RUNPATH_SEARCH_PATHS = (
					"$(inherited)",
					"@executable_path/Frameworks",
				);
				PRODUCT_BUNDLE_IDENTIFIER = "Fabien-Dietrich.Instagrid";
				PRODUCT_NAME = "$(TARGET_NAME)";
				SWIFT_VERSION = 4.2;
				TARGETED_DEVICE_FAMILY = 1;
			};
			name = Release;
		};
/* End XCBuildConfiguration section */

/* Begin XCConfigurationList section */
		5FC294AB21E50D6100D839F7 /* Build configuration list for PBXProject "Instagrid" */ = {
			isa = XCConfigurationList;
			buildConfigurations = (
				5FC294C021E50D6100D839F7 /* Debug */,
				5FC294C121E50D6100D839F7 /* Release */,
			);
			defaultConfigurationIsVisible = 0;
			defaultConfigurationName = Release;
		};
		5FC294C221E50D6100D839F7 /* Build configuration list for PBXNativeTarget "Instagrid" */ = {
			isa = XCConfigurationList;
			buildConfigurations = (
				5FC294C321E50D6100D839F7 /* Debug */,
				5FC294C421E50D6100D839F7 /* Release */,
			);
			defaultConfigurationIsVisible = 0;
			defaultConfigurationName = Release;
		};
/* End XCConfigurationList section */
	};
	rootObject = 5FC294A821E50D6100D839F7 /* Project object */;
}
